// !$*UTF8*$!
{
	archiveVersion = 1;
	classes = {
	};
	objectVersion = 56;
	objects = {

/* Begin PBXBuildFile section */
		BB109F5C2C587E370078B7B0 /* PortfolioDataService.swift in Sources */ = {isa = PBXBuildFile; fileRef = BB109F5B2C587E370078B7B0 /* PortfolioDataService.swift */; };
		BB109F5F2C588B6C0078B7B0 /* PortfolioContainer.xcdatamodeld in Sources */ = {isa = PBXBuildFile; fileRef = BB109F5D2C588B6C0078B7B0 /* PortfolioContainer.xcdatamodeld */; };
		BB109F612C5898A90078B7B0 /* HapticManager.swift in Sources */ = {isa = PBXBuildFile; fileRef = BB109F602C5898A90078B7B0 /* HapticManager.swift */; };
		BB109F632C589FB30078B7B0 /* LoggerUtils.swift in Sources */ = {isa = PBXBuildFile; fileRef = BB109F622C589FB30078B7B0 /* LoggerUtils.swift */; };
		BB3BC3ED2C54A82E002C3093 /* CoinLogoView.swift in Sources */ = {isa = PBXBuildFile; fileRef = BB3BC3EC2C54A82E002C3093 /* CoinLogoView.swift */; };
		BB3BC3EF2C54AB30002C3093 /* SearchBarView.swift in Sources */ = {isa = PBXBuildFile; fileRef = BB3BC3EE2C54AB30002C3093 /* SearchBarView.swift */; };
		BB3BC3F12C54AF81002C3093 /* UIApplication.swift in Sources */ = {isa = PBXBuildFile; fileRef = BB3BC3F02C54AF81002C3093 /* UIApplication.swift */; };
		BB3BC3F32C54D02B002C3093 /* StatisticModel.swift in Sources */ = {isa = PBXBuildFile; fileRef = BB3BC3F22C54D02B002C3093 /* StatisticModel.swift */; };
		BB3BC3F52C54D181002C3093 /* StatisticView.swift in Sources */ = {isa = PBXBuildFile; fileRef = BB3BC3F42C54D181002C3093 /* StatisticView.swift */; };
		BB3BC3F72C54D44A002C3093 /* HomeStatsView.swift in Sources */ = {isa = PBXBuildFile; fileRef = BB3BC3F62C54D44A002C3093 /* HomeStatsView.swift */; };
		BB3BC3F92C54D85B002C3093 /* MarketDataModel.swift in Sources */ = {isa = PBXBuildFile; fileRef = BB3BC3F82C54D85B002C3093 /* MarketDataModel.swift */; };
		BB3BC3FB2C54D90F002C3093 /* Date.swift in Sources */ = {isa = PBXBuildFile; fileRef = BB3BC3FA2C54D90F002C3093 /* Date.swift */; };
		BB3BC3FD2C54D9C5002C3093 /* MarketDataService.swift in Sources */ = {isa = PBXBuildFile; fileRef = BB3BC3FC2C54D9C5002C3093 /* MarketDataService.swift */; };
		BB3C40452C51E721006AF268 /* eKoinsApp.swift in Sources */ = {isa = PBXBuildFile; fileRef = BB3C40442C51E721006AF268 /* eKoinsApp.swift */; };
		BB3C40472C51E721006AF268 /* ContentView.swift in Sources */ = {isa = PBXBuildFile; fileRef = BB3C40462C51E721006AF268 /* ContentView.swift */; };
		BB3C404C2C51E722006AF268 /* Preview Assets.xcassets in Resources */ = {isa = PBXBuildFile; fileRef = BB3C404B2C51E722006AF268 /* Preview Assets.xcassets */; };
		BB3C40532C51E9A0006AF268 /* Assets.xcassets in Resources */ = {isa = PBXBuildFile; fileRef = BB3C40522C51E9A0006AF268 /* Assets.xcassets */; };
		BB3C40562C51EBB1006AF268 /* Color.swift in Sources */ = {isa = PBXBuildFile; fileRef = BB3C40552C51EBB1006AF268 /* Color.swift */; };
		BB3C405E2C51EF13006AF268 /* HomeView.swift in Sources */ = {isa = PBXBuildFile; fileRef = BB3C405D2C51EF13006AF268 /* HomeView.swift */; };
		BB3C40652C51F25E006AF268 /* CircleButtonView.swift in Sources */ = {isa = PBXBuildFile; fileRef = BB3C40642C51F25E006AF268 /* CircleButtonView.swift */; };
		BB3C40672C51F758006AF268 /* CircleButtonAnimationView.swift in Sources */ = {isa = PBXBuildFile; fileRef = BB3C40662C51F758006AF268 /* CircleButtonAnimationView.swift */; };
		BB3C406A2C52013C006AF268 /* CoinModel.swift in Sources */ = {isa = PBXBuildFile; fileRef = BB3C40692C52013C006AF268 /* CoinModel.swift */; };
		BB3C406C2C521D1B006AF268 /* CoinRowView.swift in Sources */ = {isa = PBXBuildFile; fileRef = BB3C406B2C521D1B006AF268 /* CoinRowView.swift */; };
		BB3C406E2C521D8B006AF268 /* PreviewProvider.swift in Sources */ = {isa = PBXBuildFile; fileRef = BB3C406D2C521D8B006AF268 /* PreviewProvider.swift */; };
		BB3C40702C5224C2006AF268 /* Double.swift in Sources */ = {isa = PBXBuildFile; fileRef = BB3C406F2C5224C2006AF268 /* Double.swift */; };
		BB3C40722C52305B006AF268 /* HomeViewModel.swift in Sources */ = {isa = PBXBuildFile; fileRef = BB3C40712C52305B006AF268 /* HomeViewModel.swift */; };
		BB3C40772C5242C5006AF268 /* APIService.swift in Sources */ = {isa = PBXBuildFile; fileRef = BB3C40762C5242C5006AF268 /* APIService.swift */; };
		BB9588072C533B3A00DBB3AF /* NetworkManager.swift in Sources */ = {isa = PBXBuildFile; fileRef = BB9588062C533B3A00DBB3AF /* NetworkManager.swift */; };
		BB95880A2C53406900DBB3AF /* CoinImageView.swift in Sources */ = {isa = PBXBuildFile; fileRef = BB9588092C53406900DBB3AF /* CoinImageView.swift */; };
		BB95880C2C53415600DBB3AF /* CoinImageViewModel.swift in Sources */ = {isa = PBXBuildFile; fileRef = BB95880B2C53415600DBB3AF /* CoinImageViewModel.swift */; };
		BB95880E2C5341C700DBB3AF /* CoinImageService.swift in Sources */ = {isa = PBXBuildFile; fileRef = BB95880D2C5341C700DBB3AF /* CoinImageService.swift */; };
		BB9588102C534B9900DBB3AF /* LocalFileManager.swift in Sources */ = {isa = PBXBuildFile; fileRef = BB95880F2C534B9900DBB3AF /* LocalFileManager.swift */; };
		BBB5FB962C5B1F1200DA25A8 /* ChartView.swift in Sources */ = {isa = PBXBuildFile; fileRef = BBB5FB952C5B1F1200DA25A8 /* ChartView.swift */; };
		BBB5FB9B2C5B586900DA25A8 /* SettingsView.swift in Sources */ = {isa = PBXBuildFile; fileRef = BBB5FB9A2C5B586900DA25A8 /* SettingsView.swift */; };
		BBB5FB9D2C5B59BE00DA25A8 /* CustomListRowView.swift in Sources */ = {isa = PBXBuildFile; fileRef = BBB5FB9C2C5B59BE00DA25A8 /* CustomListRowView.swift */; };
		BBB5FB9F2C5B639500DA25A8 /* StatisticHomeView.swift in Sources */ = {isa = PBXBuildFile; fileRef = BBB5FB9E2C5B639500DA25A8 /* StatisticHomeView.swift */; };
		BBBAFC972C58C38400C1A839 /* DetailView.swift in Sources */ = {isa = PBXBuildFile; fileRef = BBBAFC962C58C38400C1A839 /* DetailView.swift */; };
		BBBAFC992C58CC3800C1A839 /* CoinDetailModel.swift in Sources */ = {isa = PBXBuildFile; fileRef = BBBAFC982C58CC3800C1A839 /* CoinDetailModel.swift */; };
		BBBAFC9B2C58CE0E00C1A839 /* DetailViewModel.swift in Sources */ = {isa = PBXBuildFile; fileRef = BBBAFC9A2C58CE0E00C1A839 /* DetailViewModel.swift */; };
		BBBAFC9D2C58CE4700C1A839 /* CoinDetailDataService.swift in Sources */ = {isa = PBXBuildFile; fileRef = BBBAFC9C2C58CE4700C1A839 /* CoinDetailDataService.swift */; };
		BBCFC71D2C5C76B900539160 /* FiraCode-Bold.ttf in Resources */ = {isa = PBXBuildFile; fileRef = BBCFC7182C5C76B900539160 /* FiraCode-Bold.ttf */; };
		BBCFC71E2C5C76B900539160 /* FiraCode-Medium.ttf in Resources */ = {isa = PBXBuildFile; fileRef = BBCFC7192C5C76B900539160 /* FiraCode-Medium.ttf */; };
		BBCFC71F2C5C76B900539160 /* FiraCode-Light.ttf in Resources */ = {isa = PBXBuildFile; fileRef = BBCFC71A2C5C76B900539160 /* FiraCode-Light.ttf */; };
		BBCFC7202C5C76B900539160 /* FiraCode-Regular.ttf in Resources */ = {isa = PBXBuildFile; fileRef = BBCFC71B2C5C76B900539160 /* FiraCode-Regular.ttf */; };
		BBCFC7212C5C76B900539160 /* FiraCode-SemiBold.ttf in Resources */ = {isa = PBXBuildFile; fileRef = BBCFC71C2C5C76B900539160 /* FiraCode-SemiBold.ttf */; };
		BBCFC7262C5C76CA00539160 /* PixelifySans-Bold.ttf in Resources */ = {isa = PBXBuildFile; fileRef = BBCFC7222C5C76CA00539160 /* PixelifySans-Bold.ttf */; };
		BBCFC7272C5C76CA00539160 /* PixelifySans-Regular.ttf in Resources */ = {isa = PBXBuildFile; fileRef = BBCFC7232C5C76CA00539160 /* PixelifySans-Regular.ttf */; };
		BBCFC7282C5C76CA00539160 /* PixelifySans-Medium.ttf in Resources */ = {isa = PBXBuildFile; fileRef = BBCFC7242C5C76CA00539160 /* PixelifySans-Medium.ttf */; };
		BBCFC7292C5C76CA00539160 /* PixelifySans-SemiBold.ttf in Resources */ = {isa = PBXBuildFile; fileRef = BBCFC7252C5C76CA00539160 /* PixelifySans-SemiBold.ttf */; };
		BBCFC72B2C5C77C000539160 /* Fonts.swift in Sources */ = {isa = PBXBuildFile; fileRef = BBCFC72A2C5C77C000539160 /* Fonts.swift */; };
		BBCFC72D2C5C943E00539160 /* StatisticOneView.swift in Sources */ = {isa = PBXBuildFile; fileRef = BBCFC72C2C5C943E00539160 /* StatisticOneView.swift */; };
		BBD4FB4F2C59D7690045FFC6 /* String.swift in Sources */ = {isa = PBXBuildFile; fileRef = BBD4FB4E2C59D7690045FFC6 /* String.swift */; };
		BBE4B76E2C572E05000C08C3 /* PortfolioView.swift in Sources */ = {isa = PBXBuildFile; fileRef = BBE4B76D2C572E05000C08C3 /* PortfolioView.swift */; };
		BBE4B7702C573077000C08C3 /* XmarkButton.swift in Sources */ = {isa = PBXBuildFile; fileRef = BBE4B76F2C573077000C08C3 /* XmarkButton.swift */; };
/* End PBXBuildFile section */

/* Begin PBXFileReference section */
		BB109F5B2C587E370078B7B0 /* PortfolioDataService.swift */ = {isa = PBXFileReference; lastKnownFileType = sourcecode.swift; path = PortfolioDataService.swift; sourceTree = "<group>"; };
		BB109F5E2C588B6C0078B7B0 /* PortfolioContainer.xcdatamodel */ = {isa = PBXFileReference; lastKnownFileType = wrapper.xcdatamodel; path = PortfolioContainer.xcdatamodel; sourceTree = "<group>"; };
		BB109F602C5898A90078B7B0 /* HapticManager.swift */ = {isa = PBXFileReference; lastKnownFileType = sourcecode.swift; path = HapticManager.swift; sourceTree = "<group>"; };
		BB109F622C589FB30078B7B0 /* LoggerUtils.swift */ = {isa = PBXFileReference; lastKnownFileType = sourcecode.swift; path = LoggerUtils.swift; sourceTree = "<group>"; };
		BB3BC3EC2C54A82E002C3093 /* CoinLogoView.swift */ = {isa = PBXFileReference; lastKnownFileType = sourcecode.swift; path = CoinLogoView.swift; sourceTree = "<group>"; };
		BB3BC3EE2C54AB30002C3093 /* SearchBarView.swift */ = {isa = PBXFileReference; lastKnownFileType = sourcecode.swift; path = SearchBarView.swift; sourceTree = "<group>"; };
		BB3BC3F02C54AF81002C3093 /* UIApplication.swift */ = {isa = PBXFileReference; lastKnownFileType = sourcecode.swift; path = UIApplication.swift; sourceTree = "<group>"; };
		BB3BC3F22C54D02B002C3093 /* StatisticModel.swift */ = {isa = PBXFileReference; lastKnownFileType = sourcecode.swift; path = StatisticModel.swift; sourceTree = "<group>"; };
		BB3BC3F42C54D181002C3093 /* StatisticView.swift */ = {isa = PBXFileReference; lastKnownFileType = sourcecode.swift; path = StatisticView.swift; sourceTree = "<group>"; };
		BB3BC3F62C54D44A002C3093 /* HomeStatsView.swift */ = {isa = PBXFileReference; lastKnownFileType = sourcecode.swift; path = HomeStatsView.swift; sourceTree = "<group>"; };
		BB3BC3F82C54D85B002C3093 /* MarketDataModel.swift */ = {isa = PBXFileReference; lastKnownFileType = sourcecode.swift; path = MarketDataModel.swift; sourceTree = "<group>"; };
		BB3BC3FA2C54D90F002C3093 /* Date.swift */ = {isa = PBXFileReference; lastKnownFileType = sourcecode.swift; path = Date.swift; sourceTree = "<group>"; };
		BB3BC3FC2C54D9C5002C3093 /* MarketDataService.swift */ = {isa = PBXFileReference; lastKnownFileType = sourcecode.swift; path = MarketDataService.swift; sourceTree = "<group>"; };
		BB3C40412C51E721006AF268 /* eKoins.app */ = {isa = PBXFileReference; explicitFileType = wrapper.application; includeInIndex = 0; path = eKoins.app; sourceTree = BUILT_PRODUCTS_DIR; };
		BB3C40442C51E721006AF268 /* eKoinsApp.swift */ = {isa = PBXFileReference; lastKnownFileType = sourcecode.swift; path = eKoinsApp.swift; sourceTree = "<group>"; };
		BB3C40462C51E721006AF268 /* ContentView.swift */ = {isa = PBXFileReference; lastKnownFileType = sourcecode.swift; path = ContentView.swift; sourceTree = "<group>"; };
		BB3C404B2C51E722006AF268 /* Preview Assets.xcassets */ = {isa = PBXFileReference; lastKnownFileType = folder.assetcatalog; path = "Preview Assets.xcassets"; sourceTree = "<group>"; };
		BB3C40522C51E9A0006AF268 /* Assets.xcassets */ = {isa = PBXFileReference; lastKnownFileType = folder.assetcatalog; name = Assets.xcassets; path = ../../../../../../Downloads/Resources/Assets.xcassets; sourceTree = "<group>"; };
		BB3C40552C51EBB1006AF268 /* Color.swift */ = {isa = PBXFileReference; lastKnownFileType = sourcecode.swift; path = Color.swift; sourceTree = "<group>"; };
		BB3C405D2C51EF13006AF268 /* HomeView.swift */ = {isa = PBXFileReference; lastKnownFileType = sourcecode.swift; path = HomeView.swift; sourceTree = "<group>"; };
		BB3C40642C51F25E006AF268 /* CircleButtonView.swift */ = {isa = PBXFileReference; lastKnownFileType = sourcecode.swift; path = CircleButtonView.swift; sourceTree = "<group>"; };
		BB3C40662C51F758006AF268 /* CircleButtonAnimationView.swift */ = {isa = PBXFileReference; lastKnownFileType = sourcecode.swift; path = CircleButtonAnimationView.swift; sourceTree = "<group>"; };
		BB3C40692C52013C006AF268 /* CoinModel.swift */ = {isa = PBXFileReference; lastKnownFileType = sourcecode.swift; path = CoinModel.swift; sourceTree = "<group>"; };
		BB3C406B2C521D1B006AF268 /* CoinRowView.swift */ = {isa = PBXFileReference; lastKnownFileType = sourcecode.swift; path = CoinRowView.swift; sourceTree = "<group>"; };
		BB3C406D2C521D8B006AF268 /* PreviewProvider.swift */ = {isa = PBXFileReference; lastKnownFileType = sourcecode.swift; path = PreviewProvider.swift; sourceTree = "<group>"; };
		BB3C406F2C5224C2006AF268 /* Double.swift */ = {isa = PBXFileReference; lastKnownFileType = sourcecode.swift; path = Double.swift; sourceTree = "<group>"; };
		BB3C40712C52305B006AF268 /* HomeViewModel.swift */ = {isa = PBXFileReference; lastKnownFileType = sourcecode.swift; path = HomeViewModel.swift; sourceTree = "<group>"; };
		BB3C40762C5242C5006AF268 /* APIService.swift */ = {isa = PBXFileReference; lastKnownFileType = sourcecode.swift; path = APIService.swift; sourceTree = "<group>"; };
		BB9588062C533B3A00DBB3AF /* NetworkManager.swift */ = {isa = PBXFileReference; lastKnownFileType = sourcecode.swift; path = NetworkManager.swift; sourceTree = "<group>"; };
		BB9588092C53406900DBB3AF /* CoinImageView.swift */ = {isa = PBXFileReference; lastKnownFileType = sourcecode.swift; path = CoinImageView.swift; sourceTree = "<group>"; };
		BB95880B2C53415600DBB3AF /* CoinImageViewModel.swift */ = {isa = PBXFileReference; lastKnownFileType = sourcecode.swift; path = CoinImageViewModel.swift; sourceTree = "<group>"; };
		BB95880D2C5341C700DBB3AF /* CoinImageService.swift */ = {isa = PBXFileReference; lastKnownFileType = sourcecode.swift; path = CoinImageService.swift; sourceTree = "<group>"; };
		BB95880F2C534B9900DBB3AF /* LocalFileManager.swift */ = {isa = PBXFileReference; lastKnownFileType = sourcecode.swift; path = LocalFileManager.swift; sourceTree = "<group>"; };
		BBB5FB952C5B1F1200DA25A8 /* ChartView.swift */ = {isa = PBXFileReference; lastKnownFileType = sourcecode.swift; path = ChartView.swift; sourceTree = "<group>"; };
		BBB5FB9A2C5B586900DA25A8 /* SettingsView.swift */ = {isa = PBXFileReference; lastKnownFileType = sourcecode.swift; path = SettingsView.swift; sourceTree = "<group>"; };
		BBB5FB9C2C5B59BE00DA25A8 /* CustomListRowView.swift */ = {isa = PBXFileReference; lastKnownFileType = sourcecode.swift; path = CustomListRowView.swift; sourceTree = "<group>"; };
		BBB5FB9E2C5B639500DA25A8 /* StatisticHomeView.swift */ = {isa = PBXFileReference; lastKnownFileType = sourcecode.swift; path = StatisticHomeView.swift; sourceTree = "<group>"; };
		BBBAFC962C58C38400C1A839 /* DetailView.swift */ = {isa = PBXFileReference; lastKnownFileType = sourcecode.swift; path = DetailView.swift; sourceTree = "<group>"; };
		BBBAFC982C58CC3800C1A839 /* CoinDetailModel.swift */ = {isa = PBXFileReference; lastKnownFileType = sourcecode.swift; path = CoinDetailModel.swift; sourceTree = "<group>"; };
		BBBAFC9A2C58CE0E00C1A839 /* DetailViewModel.swift */ = {isa = PBXFileReference; lastKnownFileType = sourcecode.swift; path = DetailViewModel.swift; sourceTree = "<group>"; };
		BBBAFC9C2C58CE4700C1A839 /* CoinDetailDataService.swift */ = {isa = PBXFileReference; lastKnownFileType = sourcecode.swift; path = CoinDetailDataService.swift; sourceTree = "<group>"; };
		BBCFC7172C5C750100539160 /* Info.plist */ = {isa = PBXFileReference; lastKnownFileType = text.plist; path = Info.plist; sourceTree = "<group>"; };
		BBCFC7182C5C76B900539160 /* FiraCode-Bold.ttf */ = {isa = PBXFileReference; lastKnownFileType = file; path = "FiraCode-Bold.ttf"; sourceTree = "<group>"; };
		BBCFC7192C5C76B900539160 /* FiraCode-Medium.ttf */ = {isa = PBXFileReference; lastKnownFileType = file; path = "FiraCode-Medium.ttf"; sourceTree = "<group>"; };
		BBCFC71A2C5C76B900539160 /* FiraCode-Light.ttf */ = {isa = PBXFileReference; lastKnownFileType = file; path = "FiraCode-Light.ttf"; sourceTree = "<group>"; };
		BBCFC71B2C5C76B900539160 /* FiraCode-Regular.ttf */ = {isa = PBXFileReference; lastKnownFileType = file; path = "FiraCode-Regular.ttf"; sourceTree = "<group>"; };
		BBCFC71C2C5C76B900539160 /* FiraCode-SemiBold.ttf */ = {isa = PBXFileReference; lastKnownFileType = file; path = "FiraCode-SemiBold.ttf"; sourceTree = "<group>"; };
		BBCFC7222C5C76CA00539160 /* PixelifySans-Bold.ttf */ = {isa = PBXFileReference; lastKnownFileType = file; path = "PixelifySans-Bold.ttf"; sourceTree = "<group>"; };
		BBCFC7232C5C76CA00539160 /* PixelifySans-Regular.ttf */ = {isa = PBXFileReference; lastKnownFileType = file; path = "PixelifySans-Regular.ttf"; sourceTree = "<group>"; };
		BBCFC7242C5C76CA00539160 /* PixelifySans-Medium.ttf */ = {isa = PBXFileReference; lastKnownFileType = file; path = "PixelifySans-Medium.ttf"; sourceTree = "<group>"; };
		BBCFC7252C5C76CA00539160 /* PixelifySans-SemiBold.ttf */ = {isa = PBXFileReference; lastKnownFileType = file; path = "PixelifySans-SemiBold.ttf"; sourceTree = "<group>"; };
		BBCFC72A2C5C77C000539160 /* Fonts.swift */ = {isa = PBXFileReference; lastKnownFileType = sourcecode.swift; path = Fonts.swift; sourceTree = "<group>"; };
		BBCFC72C2C5C943E00539160 /* StatisticOneView.swift */ = {isa = PBXFileReference; lastKnownFileType = sourcecode.swift; path = StatisticOneView.swift; sourceTree = "<group>"; };
		BBD4FB4E2C59D7690045FFC6 /* String.swift */ = {isa = PBXFileReference; lastKnownFileType = sourcecode.swift; path = String.swift; sourceTree = "<group>"; };
		BBE4B76D2C572E05000C08C3 /* PortfolioView.swift */ = {isa = PBXFileReference; lastKnownFileType = sourcecode.swift; path = PortfolioView.swift; sourceTree = "<group>"; };
		BBE4B76F2C573077000C08C3 /* XmarkButton.swift */ = {isa = PBXFileReference; lastKnownFileType = sourcecode.swift; path = XmarkButton.swift; sourceTree = "<group>"; };
/* End PBXFileReference section */

/* Begin PBXFrameworksBuildPhase section */
		BB3C403E2C51E721006AF268 /* Frameworks */ = {
			isa = PBXFrameworksBuildPhase;
			buildActionMask = 2147483647;
			files = (
			);
			runOnlyForDeploymentPostprocessing = 0;
		};
/* End PBXFrameworksBuildPhase section */

/* Begin PBXGroup section */
		BB3C40382C51E721006AF268 = {
			isa = PBXGroup;
			children = (
				BB3C40432C51E721006AF268 /* eKoins */,
				BB3C40422C51E721006AF268 /* Products */,
			);
			sourceTree = "<group>";
		};
		BB3C40422C51E721006AF268 /* Products */ = {
			isa = PBXGroup;
			children = (
				BB3C40412C51E721006AF268 /* eKoins.app */,
			);
			name = Products;
			sourceTree = "<group>";
		};
		BB3C40432C51E721006AF268 /* eKoins */ = {
			isa = PBXGroup;
			children = (
				BBCFC7172C5C750100539160 /* Info.plist */,
				BBCFC7132C5C744600539160 /* Shared */,
				BB3C40732C524284006AF268 /* Services */,
				BB9588052C533B0000DBB3AF /* Utils */,
				BB3C40682C52010E006AF268 /* Models */,
				BB3C40572C51EE74006AF268 /* Core */,
				BB3C40542C51EB9B006AF268 /* Extensions */,
				BB3C40462C51E721006AF268 /* ContentView.swift */,
				BB3C40442C51E721006AF268 /* eKoinsApp.swift */,
				BB3C40522C51E9A0006AF268 /* Assets.xcassets */,
				BB3C404A2C51E722006AF268 /* Preview Content */,
			);
			path = eKoins;
			sourceTree = "<group>";
		};
		BB3C404A2C51E722006AF268 /* Preview Content */ = {
			isa = PBXGroup;
			children = (
				BB3C404B2C51E722006AF268 /* Preview Assets.xcassets */,
			);
			path = "Preview Content";
			sourceTree = "<group>";
		};
		BB3C40542C51EB9B006AF268 /* Extensions */ = {
			isa = PBXGroup;
			children = (
				BB3C40552C51EBB1006AF268 /* Color.swift */,
				BB3C406D2C521D8B006AF268 /* PreviewProvider.swift */,
				BB3C406F2C5224C2006AF268 /* Double.swift */,
				BB3BC3F02C54AF81002C3093 /* UIApplication.swift */,
				BB3BC3FA2C54D90F002C3093 /* Date.swift */,
				BBD4FB4E2C59D7690045FFC6 /* String.swift */,
				BBCFC72A2C5C77C000539160 /* Fonts.swift */,
			);
			path = Extensions;
			sourceTree = "<group>";
		};
		BB3C40572C51EE74006AF268 /* Core */ = {
			isa = PBXGroup;
			children = (
				BBB5FB972C5B584A00DA25A8 /* Settings */,
				BB3C405F2C51F20B006AF268 /* Components */,
				BB3C40582C51EE88006AF268 /* Home */,
				BBBAFC932C58C33700C1A839 /* Detail */,
			);
			path = Core;
			sourceTree = "<group>";
		};
		BB3C40582C51EE88006AF268 /* Home */ = {
			isa = PBXGroup;
			children = (
				BB3C405A2C51EEAB006AF268 /* ViewModels */,
				BB3C40592C51EEA4006AF268 /* Views */,
			);
			path = Home;
			sourceTree = "<group>";
		};
		BB3C40592C51EEA4006AF268 /* Views */ = {
			isa = PBXGroup;
			children = (
				BB3C405D2C51EF13006AF268 /* HomeView.swift */,
				BB3C406B2C521D1B006AF268 /* CoinRowView.swift */,
				BB3BC3F62C54D44A002C3093 /* HomeStatsView.swift */,
				BBE4B76D2C572E05000C08C3 /* PortfolioView.swift */,
			);
			path = Views;
			sourceTree = "<group>";
		};
		BB3C405A2C51EEAB006AF268 /* ViewModels */ = {
			isa = PBXGroup;
			children = (
				BB3C40712C52305B006AF268 /* HomeViewModel.swift */,
				BB95880B2C53415600DBB3AF /* CoinImageViewModel.swift */,
			);
			path = ViewModels;
			sourceTree = "<group>";
		};
		BB3C405F2C51F20B006AF268 /* Components */ = {
			isa = PBXGroup;
			children = (
				BB9588082C53405600DBB3AF /* CoinImage */,
				BB3C40602C51F215006AF268 /* CircleButton */,
				BB3BC3EE2C54AB30002C3093 /* SearchBarView.swift */,
				BB3BC3F42C54D181002C3093 /* StatisticView.swift */,
				BBE4B76F2C573077000C08C3 /* XmarkButton.swift */,
				BBB5FB9C2C5B59BE00DA25A8 /* CustomListRowView.swift */,
				BBB5FB9E2C5B639500DA25A8 /* StatisticHomeView.swift */,
				BBCFC72C2C5C943E00539160 /* StatisticOneView.swift */,
			);
			path = Components;
			sourceTree = "<group>";
		};
		BB3C40602C51F215006AF268 /* CircleButton */ = {
			isa = PBXGroup;
			children = (
				BB3C40642C51F25E006AF268 /* CircleButtonView.swift */,
				BB3C40662C51F758006AF268 /* CircleButtonAnimationView.swift */,
			);
			path = CircleButton;
			sourceTree = "<group>";
		};
		BB3C40682C52010E006AF268 /* Models */ = {
			isa = PBXGroup;
			children = (
				BB3C40692C52013C006AF268 /* CoinModel.swift */,
				BB3BC3F22C54D02B002C3093 /* StatisticModel.swift */,
				BB3BC3F82C54D85B002C3093 /* MarketDataModel.swift */,
				BB109F5D2C588B6C0078B7B0 /* PortfolioContainer.xcdatamodeld */,
				BBBAFC982C58CC3800C1A839 /* CoinDetailModel.swift */,
			);
			path = Models;
			sourceTree = "<group>";
		};
		BB3C40732C524284006AF268 /* Services */ = {
			isa = PBXGroup;
			children = (
				BB3C40762C5242C5006AF268 /* APIService.swift */,
				BB95880D2C5341C700DBB3AF /* CoinImageService.swift */,
				BB3BC3FC2C54D9C5002C3093 /* MarketDataService.swift */,
				BB109F5B2C587E370078B7B0 /* PortfolioDataService.swift */,
				BBBAFC9C2C58CE4700C1A839 /* CoinDetailDataService.swift */,
			);
			path = Services;
			sourceTree = "<group>";
		};
		BB9588052C533B0000DBB3AF /* Utils */ = {
			isa = PBXGroup;
			children = (
				BB9588062C533B3A00DBB3AF /* NetworkManager.swift */,
				BB95880F2C534B9900DBB3AF /* LocalFileManager.swift */,
				BB109F602C5898A90078B7B0 /* HapticManager.swift */,
				BB109F622C589FB30078B7B0 /* LoggerUtils.swift */,
			);
			path = Utils;
			sourceTree = "<group>";
		};
		BB9588082C53405600DBB3AF /* CoinImage */ = {
			isa = PBXGroup;
			children = (
				BB9588092C53406900DBB3AF /* CoinImageView.swift */,
				BB3BC3EC2C54A82E002C3093 /* CoinLogoView.swift */,
			);
			path = CoinImage;
			sourceTree = "<group>";
		};
		BBB5FB972C5B584A00DA25A8 /* Settings */ = {
			isa = PBXGroup;
			children = (
				BBB5FB992C5B585E00DA25A8 /* ViewModels */,
				BBB5FB982C5B585300DA25A8 /* Views */,
			);
			path = Settings;
			sourceTree = "<group>";
		};
		BBB5FB982C5B585300DA25A8 /* Views */ = {
			isa = PBXGroup;
			children = (
				BBB5FB9A2C5B586900DA25A8 /* SettingsView.swift */,
			);
			path = Views;
			sourceTree = "<group>";
		};
		BBB5FB992C5B585E00DA25A8 /* ViewModels */ = {
			isa = PBXGroup;
			children = (
			);
			path = ViewModels;
			sourceTree = "<group>";
		};
		BBBAFC932C58C33700C1A839 /* Detail */ = {
			isa = PBXGroup;
			children = (
				BBBAFC942C58C36500C1A839 /* ViewModels */,
				BBBAFC952C58C36C00C1A839 /* Views */,
			);
			path = Detail;
			sourceTree = "<group>";
		};
		BBBAFC942C58C36500C1A839 /* ViewModels */ = {
			isa = PBXGroup;
			children = (
				BBBAFC9A2C58CE0E00C1A839 /* DetailViewModel.swift */,
			);
			path = ViewModels;
			sourceTree = "<group>";
		};
		BBBAFC952C58C36C00C1A839 /* Views */ = {
			isa = PBXGroup;
			children = (
				BBBAFC962C58C38400C1A839 /* DetailView.swift */,
				BBB5FB952C5B1F1200DA25A8 /* ChartView.swift */,
			);
			path = Views;
			sourceTree = "<group>";
		};
		BBCFC7132C5C744600539160 /* Shared */ = {
			isa = PBXGroup;
			children = (
				BBCFC7182C5C76B900539160 /* FiraCode-Bold.ttf */,
				BBCFC71A2C5C76B900539160 /* FiraCode-Light.ttf */,
				BBCFC71B2C5C76B900539160 /* FiraCode-Regular.ttf */,
				BBCFC7192C5C76B900539160 /* FiraCode-Medium.ttf */,
				BBCFC71C2C5C76B900539160 /* FiraCode-SemiBold.ttf */,
				BBCFC7222C5C76CA00539160 /* PixelifySans-Bold.ttf */,
				BBCFC7242C5C76CA00539160 /* PixelifySans-Medium.ttf */,
				BBCFC7232C5C76CA00539160 /* PixelifySans-Regular.ttf */,
				BBCFC7252C5C76CA00539160 /* PixelifySans-SemiBold.ttf */,
			);
			path = Shared;
			sourceTree = "<group>";
		};
/* End PBXGroup section */

/* Begin PBXNativeTarget section */
		BB3C40402C51E721006AF268 /* eKoins */ = {
			isa = PBXNativeTarget;
			buildConfigurationList = BB3C404F2C51E722006AF268 /* Build configuration list for PBXNativeTarget "eKoins" */;
			buildPhases = (
				BB3C403D2C51E721006AF268 /* Sources */,
				BB3C403E2C51E721006AF268 /* Frameworks */,
				BB3C403F2C51E721006AF268 /* Resources */,
			);
			buildRules = (
			);
			dependencies = (
			);
			name = eKoins;
			productName = eKoins;
			productReference = BB3C40412C51E721006AF268 /* eKoins.app */;
			productType = "com.apple.product-type.application";
		};
/* End PBXNativeTarget section */

/* Begin PBXProject section */
		BB3C40392C51E721006AF268 /* Project object */ = {
			isa = PBXProject;
			attributes = {
				BuildIndependentTargetsInParallel = 1;
				LastSwiftUpdateCheck = 1540;
				LastUpgradeCheck = 1540;
				TargetAttributes = {
					BB3C40402C51E721006AF268 = {
						CreatedOnToolsVersion = 15.4;
					};
				};
			};
			buildConfigurationList = BB3C403C2C51E721006AF268 /* Build configuration list for PBXProject "eKoins" */;
			compatibilityVersion = "Xcode 14.0";
			developmentRegion = en;
			hasScannedForEncodings = 0;
			knownRegions = (
				en,
				Base,
			);
			mainGroup = BB3C40382C51E721006AF268;
			productRefGroup = BB3C40422C51E721006AF268 /* Products */;
			projectDirPath = "";
			projectRoot = "";
			targets = (
				BB3C40402C51E721006AF268 /* eKoins */,
			);
		};
/* End PBXProject section */

/* Begin PBXResourcesBuildPhase section */
		BB3C403F2C51E721006AF268 /* Resources */ = {
			isa = PBXResourcesBuildPhase;
			buildActionMask = 2147483647;
			files = (
				BBCFC7282C5C76CA00539160 /* PixelifySans-Medium.ttf in Resources */,
				BB3C404C2C51E722006AF268 /* Preview Assets.xcassets in Resources */,
				BBCFC7212C5C76B900539160 /* FiraCode-SemiBold.ttf in Resources */,
				BBCFC7292C5C76CA00539160 /* PixelifySans-SemiBold.ttf in Resources */,
				BB3C40532C51E9A0006AF268 /* Assets.xcassets in Resources */,
				BBCFC71E2C5C76B900539160 /* FiraCode-Medium.ttf in Resources */,
				BBCFC7272C5C76CA00539160 /* PixelifySans-Regular.ttf in Resources */,
				BBCFC71F2C5C76B900539160 /* FiraCode-Light.ttf in Resources */,
				BBCFC7202C5C76B900539160 /* FiraCode-Regular.ttf in Resources */,
				BBCFC7262C5C76CA00539160 /* PixelifySans-Bold.ttf in Resources */,
				BBCFC71D2C5C76B900539160 /* FiraCode-Bold.ttf in Resources */,
			);
			runOnlyForDeploymentPostprocessing = 0;
		};
/* End PBXResourcesBuildPhase section */

/* Begin PBXSourcesBuildPhase section */
		BB3C403D2C51E721006AF268 /* Sources */ = {
			isa = PBXSourcesBuildPhase;
			buildActionMask = 2147483647;
			files = (
				BB95880C2C53415600DBB3AF /* CoinImageViewModel.swift in Sources */,
				BB3BC3F32C54D02B002C3093 /* StatisticModel.swift in Sources */,
				BB3C406C2C521D1B006AF268 /* CoinRowView.swift in Sources */,
				BBB5FB9F2C5B639500DA25A8 /* StatisticHomeView.swift in Sources */,
				BB3C40722C52305B006AF268 /* HomeViewModel.swift in Sources */,
				BB3C40472C51E721006AF268 /* ContentView.swift in Sources */,
				BB9588102C534B9900DBB3AF /* LocalFileManager.swift in Sources */,
				BB3BC3FB2C54D90F002C3093 /* Date.swift in Sources */,
				BBE4B76E2C572E05000C08C3 /* PortfolioView.swift in Sources */,
				BB109F5F2C588B6C0078B7B0 /* PortfolioContainer.xcdatamodeld in Sources */,
				BB9588072C533B3A00DBB3AF /* NetworkManager.swift in Sources */,
				BB3BC3F92C54D85B002C3093 /* MarketDataModel.swift in Sources */,
				BB109F5C2C587E370078B7B0 /* PortfolioDataService.swift in Sources */,
				BBB5FB9D2C5B59BE00DA25A8 /* CustomListRowView.swift in Sources */,
				BBB5FB9B2C5B586900DA25A8 /* SettingsView.swift in Sources */,
				BB3C405E2C51EF13006AF268 /* HomeView.swift in Sources */,
				BB95880A2C53406900DBB3AF /* CoinImageView.swift in Sources */,
				BB3BC3F52C54D181002C3093 /* StatisticView.swift in Sources */,
				BB3BC3F12C54AF81002C3093 /* UIApplication.swift in Sources */,
				BBBAFC972C58C38400C1A839 /* DetailView.swift in Sources */,
				BB3BC3FD2C54D9C5002C3093 /* MarketDataService.swift in Sources */,
				BB3BC3ED2C54A82E002C3093 /* CoinLogoView.swift in Sources */,
				BBBAFC992C58CC3800C1A839 /* CoinDetailModel.swift in Sources */,
				BB3C40452C51E721006AF268 /* eKoinsApp.swift in Sources */,
				BB3BC3F72C54D44A002C3093 /* HomeStatsView.swift in Sources */,
				BB3C40652C51F25E006AF268 /* CircleButtonView.swift in Sources */,
				BBBAFC9B2C58CE0E00C1A839 /* DetailViewModel.swift in Sources */,
				BB3C40562C51EBB1006AF268 /* Color.swift in Sources */,
				BBCFC72B2C5C77C000539160 /* Fonts.swift in Sources */,
				BBCFC72D2C5C943E00539160 /* StatisticOneView.swift in Sources */,
				BB3BC3EF2C54AB30002C3093 /* SearchBarView.swift in Sources */,
				BB3C40672C51F758006AF268 /* CircleButtonAnimationView.swift in Sources */,
				BBD4FB4F2C59D7690045FFC6 /* String.swift in Sources */,
				BB3C406E2C521D8B006AF268 /* PreviewProvider.swift in Sources */,
				BBB5FB962C5B1F1200DA25A8 /* ChartView.swift in Sources */,
				BBE4B7702C573077000C08C3 /* XmarkButton.swift in Sources */,
				BBBAFC9D2C58CE4700C1A839 /* CoinDetailDataService.swift in Sources */,
				BB3C40702C5224C2006AF268 /* Double.swift in Sources */,
				BB3C40772C5242C5006AF268 /* APIService.swift in Sources */,
				BB95880E2C5341C700DBB3AF /* CoinImageService.swift in Sources */,
				BB109F632C589FB30078B7B0 /* LoggerUtils.swift in Sources */,
				BB109F612C5898A90078B7B0 /* HapticManager.swift in Sources */,
				BB3C406A2C52013C006AF268 /* CoinModel.swift in Sources */,
			);
			runOnlyForDeploymentPostprocessing = 0;
		};
/* End PBXSourcesBuildPhase section */

/* Begin XCBuildConfiguration section */
		BB3C404D2C51E722006AF268 /* Debug */ = {
			isa = XCBuildConfiguration;
			buildSettings = {
				ALWAYS_SEARCH_USER_PATHS = NO;
				ASSETCATALOG_COMPILER_GENERATE_SWIFT_ASSET_SYMBOL_EXTENSIONS = YES;
				CLANG_ANALYZER_NONNULL = YES;
				CLANG_ANALYZER_NUMBER_OBJECT_CONVERSION = YES_AGGRESSIVE;
				CLANG_CXX_LANGUAGE_STANDARD = "gnu++20";
				CLANG_ENABLE_MODULES = YES;
				CLANG_ENABLE_OBJC_ARC = YES;
				CLANG_ENABLE_OBJC_WEAK = YES;
				CLANG_WARN_BLOCK_CAPTURE_AUTORELEASING = YES;
				CLANG_WARN_BOOL_CONVERSION = YES;
				CLANG_WARN_COMMA = YES;
				CLANG_WARN_CONSTANT_CONVERSION = YES;
				CLANG_WARN_DEPRECATED_OBJC_IMPLEMENTATIONS = YES;
				CLANG_WARN_DIRECT_OBJC_ISA_USAGE = YES_ERROR;
				CLANG_WARN_DOCUMENTATION_COMMENTS = YES;
				CLANG_WARN_EMPTY_BODY = YES;
				CLANG_WARN_ENUM_CONVERSION = YES;
				CLANG_WARN_INFINITE_RECURSION = YES;
				CLANG_WARN_INT_CONVERSION = YES;
				CLANG_WARN_NON_LITERAL_NULL_CONVERSION = YES;
				CLANG_WARN_OBJC_IMPLICIT_RETAIN_SELF = YES;
				CLANG_WARN_OBJC_LITERAL_CONVERSION = YES;
				CLANG_WARN_OBJC_ROOT_CLASS = YES_ERROR;
				CLANG_WARN_QUOTED_INCLUDE_IN_FRAMEWORK_HEADER = YES;
				CLANG_WARN_RANGE_LOOP_ANALYSIS = YES;
				CLANG_WARN_STRICT_PROTOTYPES = YES;
				CLANG_WARN_SUSPICIOUS_MOVE = YES;
				CLANG_WARN_UNGUARDED_AVAILABILITY = YES_AGGRESSIVE;
				CLANG_WARN_UNREACHABLE_CODE = YES;
				CLANG_WARN__DUPLICATE_METHOD_MATCH = YES;
				COPY_PHASE_STRIP = NO;
				DEBUG_INFORMATION_FORMAT = dwarf;
				ENABLE_STRICT_OBJC_MSGSEND = YES;
				ENABLE_TESTABILITY = YES;
				ENABLE_USER_SCRIPT_SANDBOXING = YES;
				GCC_C_LANGUAGE_STANDARD = gnu17;
				GCC_DYNAMIC_NO_PIC = NO;
				GCC_NO_COMMON_BLOCKS = YES;
				GCC_OPTIMIZATION_LEVEL = 0;
				GCC_PREPROCESSOR_DEFINITIONS = (
					"DEBUG=1",
					"$(inherited)",
				);
				GCC_WARN_64_TO_32_BIT_CONVERSION = YES;
				GCC_WARN_ABOUT_RETURN_TYPE = YES_ERROR;
				GCC_WARN_UNDECLARED_SELECTOR = YES;
				GCC_WARN_UNINITIALIZED_AUTOS = YES_AGGRESSIVE;
				GCC_WARN_UNUSED_FUNCTION = YES;
				GCC_WARN_UNUSED_VARIABLE = YES;
				IPHONEOS_DEPLOYMENT_TARGET = 17.5;
				LOCALIZATION_PREFERS_STRING_CATALOGS = YES;
				MTL_ENABLE_DEBUG_INFO = INCLUDE_SOURCE;
				MTL_FAST_MATH = YES;
				ONLY_ACTIVE_ARCH = YES;
				SDKROOT = iphoneos;
				SWIFT_ACTIVE_COMPILATION_CONDITIONS = "DEBUG $(inherited)";
				SWIFT_OPTIMIZATION_LEVEL = "-Onone";
			};
			name = Debug;
		};
		BB3C404E2C51E722006AF268 /* Release */ = {
			isa = XCBuildConfiguration;
			buildSettings = {
				ALWAYS_SEARCH_USER_PATHS = NO;
				ASSETCATALOG_COMPILER_GENERATE_SWIFT_ASSET_SYMBOL_EXTENSIONS = YES;
				CLANG_ANALYZER_NONNULL = YES;
				CLANG_ANALYZER_NUMBER_OBJECT_CONVERSION = YES_AGGRESSIVE;
				CLANG_CXX_LANGUAGE_STANDARD = "gnu++20";
				CLANG_ENABLE_MODULES = YES;
				CLANG_ENABLE_OBJC_ARC = YES;
				CLANG_ENABLE_OBJC_WEAK = YES;
				CLANG_WARN_BLOCK_CAPTURE_AUTORELEASING = YES;
				CLANG_WARN_BOOL_CONVERSION = YES;
				CLANG_WARN_COMMA = YES;
				CLANG_WARN_CONSTANT_CONVERSION = YES;
				CLANG_WARN_DEPRECATED_OBJC_IMPLEMENTATIONS = YES;
				CLANG_WARN_DIRECT_OBJC_ISA_USAGE = YES_ERROR;
				CLANG_WARN_DOCUMENTATION_COMMENTS = YES;
				CLANG_WARN_EMPTY_BODY = YES;
				CLANG_WARN_ENUM_CONVERSION = YES;
				CLANG_WARN_INFINITE_RECURSION = YES;
				CLANG_WARN_INT_CONVERSION = YES;
				CLANG_WARN_NON_LITERAL_NULL_CONVERSION = YES;
				CLANG_WARN_OBJC_IMPLICIT_RETAIN_SELF = YES;
				CLANG_WARN_OBJC_LITERAL_CONVERSION = YES;
				CLANG_WARN_OBJC_ROOT_CLASS = YES_ERROR;
				CLANG_WARN_QUOTED_INCLUDE_IN_FRAMEWORK_HEADER = YES;
				CLANG_WARN_RANGE_LOOP_ANALYSIS = YES;
				CLANG_WARN_STRICT_PROTOTYPES = YES;
				CLANG_WARN_SUSPICIOUS_MOVE = YES;
				CLANG_WARN_UNGUARDED_AVAILABILITY = YES_AGGRESSIVE;
				CLANG_WARN_UNREACHABLE_CODE = YES;
				CLANG_WARN__DUPLICATE_METHOD_MATCH = YES;
				COPY_PHASE_STRIP = NO;
				DEBUG_INFORMATION_FORMAT = "dwarf-with-dsym";
				ENABLE_NS_ASSERTIONS = NO;
				ENABLE_STRICT_OBJC_MSGSEND = YES;
				ENABLE_USER_SCRIPT_SANDBOXING = YES;
				GCC_C_LANGUAGE_STANDARD = gnu17;
				GCC_NO_COMMON_BLOCKS = YES;
				GCC_WARN_64_TO_32_BIT_CONVERSION = YES;
				GCC_WARN_ABOUT_RETURN_TYPE = YES_ERROR;
				GCC_WARN_UNDECLARED_SELECTOR = YES;
				GCC_WARN_UNINITIALIZED_AUTOS = YES_AGGRESSIVE;
				GCC_WARN_UNUSED_FUNCTION = YES;
				GCC_WARN_UNUSED_VARIABLE = YES;
				IPHONEOS_DEPLOYMENT_TARGET = 17.5;
				LOCALIZATION_PREFERS_STRING_CATALOGS = YES;
				MTL_ENABLE_DEBUG_INFO = NO;
				MTL_FAST_MATH = YES;
				SDKROOT = iphoneos;
				SWIFT_COMPILATION_MODE = wholemodule;
				VALIDATE_PRODUCT = YES;
			};
			name = Release;
		};
		BB3C40502C51E722006AF268 /* Debug */ = {
			isa = XCBuildConfiguration;
			buildSettings = {
				ASSETCATALOG_COMPILER_APPICON_NAME = AppIcon;
				ASSETCATALOG_COMPILER_GLOBAL_ACCENT_COLOR_NAME = AccentColor;
				CODE_SIGN_STYLE = Automatic;
				CURRENT_PROJECT_VERSION = 1;
				DEVELOPMENT_ASSET_PATHS = "\"eKoins/Preview Content\"";
				DEVELOPMENT_TEAM = PFSN649J32;
				ENABLE_PREVIEWS = YES;
				GENERATE_INFOPLIST_FILE = YES;
				INFOPLIST_FILE = eKoins/Info.plist;
				INFOPLIST_KEY_CFBundleDisplayName = eKoins;
				INFOPLIST_KEY_UIApplicationSceneManifest_Generation = YES;
				INFOPLIST_KEY_UIApplicationSupportsIndirectInputEvents = YES;
				INFOPLIST_KEY_UILaunchScreen_Generation = YES;
				INFOPLIST_KEY_UIRequiresFullScreen = YES;
				INFOPLIST_KEY_UIStatusBarStyle = "";
				INFOPLIST_KEY_UISupportedInterfaceOrientations = UIInterfaceOrientationPortrait;
				LD_RUNPATH_SEARCH_PATHS = (
					"$(inherited)",
					"@executable_path/Frameworks",
				);
				MARKETING_VERSION = 1.0;
				PRODUCT_BUNDLE_IDENTIFIER = com.elfaael.eKoins;
				PRODUCT_NAME = "$(TARGET_NAME)";
				SWIFT_EMIT_LOC_STRINGS = YES;
				SWIFT_VERSION = 5.0;
				TARGETED_DEVICE_FAMILY = "1,2";
			};
			name = Debug;
		};
		BB3C40512C51E722006AF268 /* Release */ = {
			isa = XCBuildConfiguration;
			buildSettings = {
				ASSETCATALOG_COMPILER_APPICON_NAME = AppIcon;
				ASSETCATALOG_COMPILER_GLOBAL_ACCENT_COLOR_NAME = AccentColor;
				CODE_SIGN_STYLE = Automatic;
				CURRENT_PROJECT_VERSION = 1;
				DEVELOPMENT_ASSET_PATHS = "\"eKoins/Preview Content\"";
				DEVELOPMENT_TEAM = PFSN649J32;
				ENABLE_PREVIEWS = YES;
				GENERATE_INFOPLIST_FILE = YES;
				INFOPLIST_FILE = eKoins/Info.plist;
				INFOPLIST_KEY_CFBundleDisplayName = eKoins;
				INFOPLIST_KEY_UIApplicationSceneManifest_Generation = YES;
				INFOPLIST_KEY_UIApplicationSupportsIndirectInputEvents = YES;
				INFOPLIST_KEY_UILaunchScreen_Generation = YES;
				INFOPLIST_KEY_UIRequiresFullScreen = YES;
				INFOPLIST_KEY_UIStatusBarStyle = "";
				INFOPLIST_KEY_UISupportedInterfaceOrientations = UIInterfaceOrientationPortrait;
				LD_RUNPATH_SEARCH_PATHS = (
					"$(inherited)",
					"@executable_path/Frameworks",
				);
				MARKETING_VERSION = 1.0;
				PRODUCT_BUNDLE_IDENTIFIER = com.elfaael.eKoins;
				PRODUCT_NAME = "$(TARGET_NAME)";
				SWIFT_EMIT_LOC_STRINGS = YES;
				SWIFT_VERSION = 5.0;
				TARGETED_DEVICE_FAMILY = "1,2";
			};
			name = Release;
		};
/* End XCBuildConfiguration section */

/* Begin XCConfigurationList section */
		BB3C403C2C51E721006AF268 /* Build configuration list for PBXProject "eKoins" */ = {
			isa = XCConfigurationList;
			buildConfigurations = (
				BB3C404D2C51E722006AF268 /* Debug */,
				BB3C404E2C51E722006AF268 /* Release */,
			);
			defaultConfigurationIsVisible = 0;
			defaultConfigurationName = Release;
		};
		BB3C404F2C51E722006AF268 /* Build configuration list for PBXNativeTarget "eKoins" */ = {
			isa = XCConfigurationList;
			buildConfigurations = (
				BB3C40502C51E722006AF268 /* Debug */,
				BB3C40512C51E722006AF268 /* Release */,
			);
			defaultConfigurationIsVisible = 0;
			defaultConfigurationName = Release;
		};
/* End XCConfigurationList section */

/* Begin XCVersionGroup section */
		BB109F5D2C588B6C0078B7B0 /* PortfolioContainer.xcdatamodeld */ = {
			isa = XCVersionGroup;
			children = (
				BB109F5E2C588B6C0078B7B0 /* PortfolioContainer.xcdatamodel */,
			);
			currentVersion = BB109F5E2C588B6C0078B7B0 /* PortfolioContainer.xcdatamodel */;
			name = PortfolioContainer.xcdatamodeld;
			path = /Users/elfaael/Documents/iCodes/mobile/ios/eKoins/eKoins/Models/PortfolioContainer.xcdatamodeld;
			sourceTree = "<group>";
			versionGroupType = wrapper.xcdatamodel;
		};
/* End XCVersionGroup section */
	};
	rootObject = BB3C40392C51E721006AF268 /* Project object */;
}
