// !$*UTF8*$!
{
	archiveVersion = 1;
	classes = {
	};
	objectVersion = 56;
	objects = {

/* Begin PBXBuildFile section */
		BB3C40452C51E721006AF268 /* eKoinsApp.swift in Sources */ = {isa = PBXBuildFile; fileRef = BB3C40442C51E721006AF268 /* eKoinsApp.swift */; };
		BB3C40472C51E721006AF268 /* ContentView.swift in Sources */ = {isa = PBXBuildFile; fileRef = BB3C40462C51E721006AF268 /* ContentView.swift */; };
		BB3C404C2C51E722006AF268 /* Preview Assets.xcassets in Resources */ = {isa = PBXBuildFile; fileRef = BB3C404B2C51E722006AF268 /* Preview Assets.xcassets */; };
		BB3C40532C51E9A0006AF268 /* Assets.xcassets in Resources */ = {isa = PBXBuildFile; fileRef = BB3C40522C51E9A0006AF268 /* Assets.xcassets */; };
		BB3C40562C51EBB1006AF268 /* Color.swift in Sources */ = {isa = PBXBuildFile; fileRef = BB3C40552C51EBB1006AF268 /* Color.swift */; };
		BB3C405E2C51EF13006AF268 /* HomeView.swift in Sources */ = {isa = PBXBuildFile; fileRef = BB3C405D2C51EF13006AF268 /* HomeView.swift */; };
		BB3C40652C51F25E006AF268 /* CircleButtonView.swift in Sources */ = {isa = PBXBuildFile; fileRef = BB3C40642C51F25E006AF268 /* CircleButtonView.swift */; };
		BB3C40672C51F758006AF268 /* CircleButtonAnimationView.swift in Sources */ = {isa = PBXBuildFile; fileRef = BB3C40662C51F758006AF268 /* CircleButtonAnimationView.swift */; };
		BB3C406A2C52013C006AF268 /* CoinModel.swift in Sources */ = {isa = PBXBuildFile; fileRef = BB3C40692C52013C006AF268 /* CoinModel.swift */; };
		BB3C406C2C521D1B006AF268 /* CoinRowView.swift in Sources */ = {isa = PBXBuildFile; fileRef = BB3C406B2C521D1B006AF268 /* CoinRowView.swift */; };
		BB3C406E2C521D8B006AF268 /* PreviewProvider.swift in Sources */ = {isa = PBXBuildFile; fileRef = BB3C406D2C521D8B006AF268 /* PreviewProvider.swift */; };
		BB3C40702C5224C2006AF268 /* Double.swift in Sources */ = {isa = PBXBuildFile; fileRef = BB3C406F2C5224C2006AF268 /* Double.swift */; };
		BB3C40722C52305B006AF268 /* HomeViewModel.swift in Sources */ = {isa = PBXBuildFile; fileRef = BB3C40712C52305B006AF268 /* HomeViewModel.swift */; };
/* End PBXBuildFile section */

/* Begin PBXFileReference section */
		BB3C40412C51E721006AF268 /* eKoins.app */ = {isa = PBXFileReference; explicitFileType = wrapper.application; includeInIndex = 0; path = eKoins.app; sourceTree = BUILT_PRODUCTS_DIR; };
		BB3C40442C51E721006AF268 /* eKoinsApp.swift */ = {isa = PBXFileReference; lastKnownFileType = sourcecode.swift; path = eKoinsApp.swift; sourceTree = "<group>"; };
		BB3C40462C51E721006AF268 /* ContentView.swift */ = {isa = PBXFileReference; lastKnownFileType = sourcecode.swift; path = ContentView.swift; sourceTree = "<group>"; };
		BB3C404B2C51E722006AF268 /* Preview Assets.xcassets */ = {isa = PBXFileReference; lastKnownFileType = folder.assetcatalog; path = "Preview Assets.xcassets"; sourceTree = "<group>"; };
		BB3C40522C51E9A0006AF268 /* Assets.xcassets */ = {isa = PBXFileReference; lastKnownFileType = folder.assetcatalog; name = Assets.xcassets; path = ../../../../../../Downloads/Resources/Assets.xcassets; sourceTree = "<group>"; };
		BB3C40552C51EBB1006AF268 /* Color.swift */ = {isa = PBXFileReference; lastKnownFileType = sourcecode.swift; path = Color.swift; sourceTree = "<group>"; };
		BB3C405D2C51EF13006AF268 /* HomeView.swift */ = {isa = PBXFileReference; lastKnownFileType = sourcecode.swift; path = HomeView.swift; sourceTree = "<group>"; };
		BB3C40642C51F25E006AF268 /* CircleButtonView.swift */ = {isa = PBXFileReference; lastKnownFileType = sourcecode.swift; path = CircleButtonView.swift; sourceTree = "<group>"; };
		BB3C40662C51F758006AF268 /* CircleButtonAnimationView.swift */ = {isa = PBXFileReference; lastKnownFileType = sourcecode.swift; path = CircleButtonAnimationView.swift; sourceTree = "<group>"; };
		BB3C40692C52013C006AF268 /* CoinModel.swift */ = {isa = PBXFileReference; lastKnownFileType = sourcecode.swift; path = CoinModel.swift; sourceTree = "<group>"; };
		BB3C406B2C521D1B006AF268 /* CoinRowView.swift */ = {isa = PBXFileReference; lastKnownFileType = sourcecode.swift; path = CoinRowView.swift; sourceTree = "<group>"; };
		BB3C406D2C521D8B006AF268 /* PreviewProvider.swift */ = {isa = PBXFileReference; lastKnownFileType = sourcecode.swift; path = PreviewProvider.swift; sourceTree = "<group>"; };
		BB3C406F2C5224C2006AF268 /* Double.swift */ = {isa = PBXFileReference; lastKnownFileType = sourcecode.swift; path = Double.swift; sourceTree = "<group>"; };
		BB3C40712C52305B006AF268 /* HomeViewModel.swift */ = {isa = PBXFileReference; lastKnownFileType = sourcecode.swift; path = HomeViewModel.swift; sourceTree = "<group>"; };
/* End PBXFileReference section */

/* Begin PBXFrameworksBuildPhase section */
		BB3C403E2C51E721006AF268 /* Frameworks */ = {
			isa = PBXFrameworksBuildPhase;
			buildActionMask = 2147483647;
			files = (
			);
			runOnlyForDeploymentPostprocessing = 0;
		};
/* End PBXFrameworksBuildPhase section */

/* Begin PBXGroup section */
		BB3C40382C51E721006AF268 = {
			isa = PBXGroup;
			children = (
				BB3C40432C51E721006AF268 /* eKoins */,
				BB3C40422C51E721006AF268 /* Products */,
			);
			sourceTree = "<group>";
		};
		BB3C40422C51E721006AF268 /* Products */ = {
			isa = PBXGroup;
			children = (
				BB3C40412C51E721006AF268 /* eKoins.app */,
			);
			name = Products;
			sourceTree = "<group>";
		};
		BB3C40432C51E721006AF268 /* eKoins */ = {
			isa = PBXGroup;
			children = (
				BB3C40682C52010E006AF268 /* Models */,
				BB3C40572C51EE74006AF268 /* Core */,
				BB3C40542C51EB9B006AF268 /* Extensions */,
				BB3C40462C51E721006AF268 /* ContentView.swift */,
				BB3C40442C51E721006AF268 /* eKoinsApp.swift */,
				BB3C40522C51E9A0006AF268 /* Assets.xcassets */,
				BB3C404A2C51E722006AF268 /* Preview Content */,
			);
			path = eKoins;
			sourceTree = "<group>";
		};
		BB3C404A2C51E722006AF268 /* Preview Content */ = {
			isa = PBXGroup;
			children = (
				BB3C404B2C51E722006AF268 /* Preview Assets.xcassets */,
			);
			path = "Preview Content";
			sourceTree = "<group>";
		};
		BB3C40542C51EB9B006AF268 /* Extensions */ = {
			isa = PBXGroup;
			children = (
				BB3C40552C51EBB1006AF268 /* Color.swift */,
				BB3C406D2C521D8B006AF268 /* PreviewProvider.swift */,
				BB3C406F2C5224C2006AF268 /* Double.swift */,
			);
			path = Extensions;
			sourceTree = "<group>";
		};
		BB3C40572C51EE74006AF268 /* Core */ = {
			isa = PBXGroup;
			children = (
				BB3C405F2C51F20B006AF268 /* Components */,
				BB3C40582C51EE88006AF268 /* Home */,
			);
			path = Core;
			sourceTree = "<group>";
		};
		BB3C40582C51EE88006AF268 /* Home */ = {
			isa = PBXGroup;
			children = (
				BB3C405A2C51EEAB006AF268 /* ViewModels */,
				BB3C40592C51EEA4006AF268 /* Views */,
			);
			path = Home;
			sourceTree = "<group>";
		};
		BB3C40592C51EEA4006AF268 /* Views */ = {
			isa = PBXGroup;
			children = (
				BB3C405D2C51EF13006AF268 /* HomeView.swift */,
				BB3C406B2C521D1B006AF268 /* CoinRowView.swift */,
			);
			path = Views;
			sourceTree = "<group>";
		};
		BB3C405A2C51EEAB006AF268 /* ViewModels */ = {
			isa = PBXGroup;
			children = (
				BB3C40712C52305B006AF268 /* HomeViewModel.swift */,
			);
			path = ViewModels;
			sourceTree = "<group>";
		};
		BB3C405F2C51F20B006AF268 /* Components */ = {
			isa = PBXGroup;
			children = (
				BB3C40602C51F215006AF268 /* CircleButton */,
			);
			path = Components;
			sourceTree = "<group>";
		};
		BB3C40602C51F215006AF268 /* CircleButton */ = {
			isa = PBXGroup;
			children = (
				BB3C40642C51F25E006AF268 /* CircleButtonView.swift */,
				BB3C40662C51F758006AF268 /* CircleButtonAnimationView.swift */,
			);
			path = CircleButton;
			sourceTree = "<group>";
		};
		BB3C40682C52010E006AF268 /* Models */ = {
			isa = PBXGroup;
			children = (
				BB3C40692C52013C006AF268 /* CoinModel.swift */,
			);
			path = Models;
			sourceTree = "<group>";
		};
/* End PBXGroup section */

/* Begin PBXNativeTarget section */
		BB3C40402C51E721006AF268 /* eKoins */ = {
			isa = PBXNativeTarget;
			buildConfigurationList = BB3C404F2C51E722006AF268 /* Build configuration list for PBXNativeTarget "eKoins" */;
			buildPhases = (
				BB3C403D2C51E721006AF268 /* Sources */,
				BB3C403E2C51E721006AF268 /* Frameworks */,
				BB3C403F2C51E721006AF268 /* Resources */,
			);
			buildRules = (
			);
			dependencies = (
			);
			name = eKoins;
			productName = eKoins;
			productReference = BB3C40412C51E721006AF268 /* eKoins.app */;
			productType = "com.apple.product-type.application";
		};
/* End PBXNativeTarget section */

/* Begin PBXProject section */
		BB3C40392C51E721006AF268 /* Project object */ = {
			isa = PBXProject;
			attributes = {
				BuildIndependentTargetsInParallel = 1;
				LastSwiftUpdateCheck = 1540;
				LastUpgradeCheck = 1540;
				TargetAttributes = {
					BB3C40402C51E721006AF268 = {
						CreatedOnToolsVersion = 15.4;
					};
				};
			};
			buildConfigurationList = BB3C403C2C51E721006AF268 /* Build configuration list for PBXProject "eKoins" */;
			compatibilityVersion = "Xcode 14.0";
			developmentRegion = en;
			hasScannedForEncodings = 0;
			knownRegions = (
				en,
				Base,
			);
			mainGroup = BB3C40382C51E721006AF268;
			productRefGroup = BB3C40422C51E721006AF268 /* Products */;
			projectDirPath = "";
			projectRoot = "";
			targets = (
				BB3C40402C51E721006AF268 /* eKoins */,
			);
		};
/* End PBXProject section */

/* Begin PBXResourcesBuildPhase section */
		BB3C403F2C51E721006AF268 /* Resources */ = {
			isa = PBXResourcesBuildPhase;
			buildActionMask = 2147483647;
			files = (
				BB3C404C2C51E722006AF268 /* Preview Assets.xcassets in Resources */,
				BB3C40532C51E9A0006AF268 /* Assets.xcassets in Resources */,
			);
			runOnlyForDeploymentPostprocessing = 0;
		};
/* End PBXResourcesBuildPhase section */

/* Begin PBXSourcesBuildPhase section */
		BB3C403D2C51E721006AF268 /* Sources */ = {
			isa = PBXSourcesBuildPhase;
			buildActionMask = 2147483647;
			files = (
				BB3C406C2C521D1B006AF268 /* CoinRowView.swift in Sources */,
				BB3C40722C52305B006AF268 /* HomeViewModel.swift in Sources */,
				BB3C40472C51E721006AF268 /* ContentView.swift in Sources */,
				BB3C405E2C51EF13006AF268 /* HomeView.swift in Sources */,
				BB3C40452C51E721006AF268 /* eKoinsApp.swift in Sources */,
				BB3C40652C51F25E006AF268 /* CircleButtonView.swift in Sources */,
				BB3C40562C51EBB1006AF268 /* Color.swift in Sources */,
				BB3C40672C51F758006AF268 /* CircleButtonAnimationView.swift in Sources */,
				BB3C406E2C521D8B006AF268 /* PreviewProvider.swift in Sources */,
				BB3C40702C5224C2006AF268 /* Double.swift in Sources */,
				BB3C406A2C52013C006AF268 /* CoinModel.swift in Sources */,
			);
			runOnlyForDeploymentPostprocessing = 0;
		};
/* End PBXSourcesBuildPhase section */

/* Begin XCBuildConfiguration section */
		BB3C404D2C51E722006AF268 /* Debug */ = {
			isa = XCBuildConfiguration;
			buildSettings = {
				ALWAYS_SEARCH_USER_PATHS = NO;
				ASSETCATALOG_COMPILER_GENERATE_SWIFT_ASSET_SYMBOL_EXTENSIONS = YES;
				CLANG_ANALYZER_NONNULL = YES;
				CLANG_ANALYZER_NUMBER_OBJECT_CONVERSION = YES_AGGRESSIVE;
				CLANG_CXX_LANGUAGE_STANDARD = "gnu++20";
				CLANG_ENABLE_MODULES = YES;
				CLANG_ENABLE_OBJC_ARC = YES;
				CLANG_ENABLE_OBJC_WEAK = YES;
				CLANG_WARN_BLOCK_CAPTURE_AUTORELEASING = YES;
				CLANG_WARN_BOOL_CONVERSION = YES;
				CLANG_WARN_COMMA = YES;
				CLANG_WARN_CONSTANT_CONVERSION = YES;
				CLANG_WARN_DEPRECATED_OBJC_IMPLEMENTATIONS = YES;
				CLANG_WARN_DIRECT_OBJC_ISA_USAGE = YES_ERROR;
				CLANG_WARN_DOCUMENTATION_COMMENTS = YES;
				CLANG_WARN_EMPTY_BODY = YES;
				CLANG_WARN_ENUM_CONVERSION = YES;
				CLANG_WARN_INFINITE_RECURSION = YES;
				CLANG_WARN_INT_CONVERSION = YES;
				CLANG_WARN_NON_LITERAL_NULL_CONVERSION = YES;
				CLANG_WARN_OBJC_IMPLICIT_RETAIN_SELF = YES;
				CLANG_WARN_OBJC_LITERAL_CONVERSION = YES;
				CLANG_WARN_OBJC_ROOT_CLASS = YES_ERROR;
				CLANG_WARN_QUOTED_INCLUDE_IN_FRAMEWORK_HEADER = YES;
				CLANG_WARN_RANGE_LOOP_ANALYSIS = YES;
				CLANG_WARN_STRICT_PROTOTYPES = YES;
				CLANG_WARN_SUSPICIOUS_MOVE = YES;
				CLANG_WARN_UNGUARDED_AVAILABILITY = YES_AGGRESSIVE;
				CLANG_WARN_UNREACHABLE_CODE = YES;
				CLANG_WARN__DUPLICATE_METHOD_MATCH = YES;
				COPY_PHASE_STRIP = NO;
				DEBUG_INFORMATION_FORMAT = dwarf;
				ENABLE_STRICT_OBJC_MSGSEND = YES;
				ENABLE_TESTABILITY = YES;
				ENABLE_USER_SCRIPT_SANDBOXING = YES;
				GCC_C_LANGUAGE_STANDARD = gnu17;
				GCC_DYNAMIC_NO_PIC = NO;
				GCC_NO_COMMON_BLOCKS = YES;
				GCC_OPTIMIZATION_LEVEL = 0;
				GCC_PREPROCESSOR_DEFINITIONS = (
					"DEBUG=1",
					"$(inherited)",
				);
				GCC_WARN_64_TO_32_BIT_CONVERSION = YES;
				GCC_WARN_ABOUT_RETURN_TYPE = YES_ERROR;
				GCC_WARN_UNDECLARED_SELECTOR = YES;
				GCC_WARN_UNINITIALIZED_AUTOS = YES_AGGRESSIVE;
				GCC_WARN_UNUSED_FUNCTION = YES;
				GCC_WARN_UNUSED_VARIABLE = YES;
				IPHONEOS_DEPLOYMENT_TARGET = 17.5;
				LOCALIZATION_PREFERS_STRING_CATALOGS = YES;
				MTL_ENABLE_DEBUG_INFO = INCLUDE_SOURCE;
				MTL_FAST_MATH = YES;
				ONLY_ACTIVE_ARCH = YES;
				SDKROOT = iphoneos;
				SWIFT_ACTIVE_COMPILATION_CONDITIONS = "DEBUG $(inherited)";
				SWIFT_OPTIMIZATION_LEVEL = "-Onone";
			};
			name = Debug;
		};
		BB3C404E2C51E722006AF268 /* Release */ = {
			isa = XCBuildConfiguration;
			buildSettings = {
				ALWAYS_SEARCH_USER_PATHS = NO;
				ASSETCATALOG_COMPILER_GENERATE_SWIFT_ASSET_SYMBOL_EXTENSIONS = YES;
				CLANG_ANALYZER_NONNULL = YES;
				CLANG_ANALYZER_NUMBER_OBJECT_CONVERSION = YES_AGGRESSIVE;
				CLANG_CXX_LANGUAGE_STANDARD = "gnu++20";
				CLANG_ENABLE_MODULES = YES;
				CLANG_ENABLE_OBJC_ARC = YES;
				CLANG_ENABLE_OBJC_WEAK = YES;
				CLANG_WARN_BLOCK_CAPTURE_AUTORELEASING = YES;
				CLANG_WARN_BOOL_CONVERSION = YES;
				CLANG_WARN_COMMA = YES;
				CLANG_WARN_CONSTANT_CONVERSION = YES;
				CLANG_WARN_DEPRECATED_OBJC_IMPLEMENTATIONS = YES;
				CLANG_WARN_DIRECT_OBJC_ISA_USAGE = YES_ERROR;
				CLANG_WARN_DOCUMENTATION_COMMENTS = YES;
				CLANG_WARN_EMPTY_BODY = YES;
				CLANG_WARN_ENUM_CONVERSION = YES;
				CLANG_WARN_INFINITE_RECURSION = YES;
				CLANG_WARN_INT_CONVERSION = YES;
				CLANG_WARN_NON_LITERAL_NULL_CONVERSION = YES;
				CLANG_WARN_OBJC_IMPLICIT_RETAIN_SELF = YES;
				CLANG_WARN_OBJC_LITERAL_CONVERSION = YES;
				CLANG_WARN_OBJC_ROOT_CLASS = YES_ERROR;
				CLANG_WARN_QUOTED_INCLUDE_IN_FRAMEWORK_HEADER = YES;
				CLANG_WARN_RANGE_LOOP_ANALYSIS = YES;
				CLANG_WARN_STRICT_PROTOTYPES = YES;
				CLANG_WARN_SUSPICIOUS_MOVE = YES;
				CLANG_WARN_UNGUARDED_AVAILABILITY = YES_AGGRESSIVE;
				CLANG_WARN_UNREACHABLE_CODE = YES;
				CLANG_WARN__DUPLICATE_METHOD_MATCH = YES;
				COPY_PHASE_STRIP = NO;
				DEBUG_INFORMATION_FORMAT = "dwarf-with-dsym";
				ENABLE_NS_ASSERTIONS = NO;
				ENABLE_STRICT_OBJC_MSGSEND = YES;
				ENABLE_USER_SCRIPT_SANDBOXING = YES;
				GCC_C_LANGUAGE_STANDARD = gnu17;
				GCC_NO_COMMON_BLOCKS = YES;
				GCC_WARN_64_TO_32_BIT_CONVERSION = YES;
				GCC_WARN_ABOUT_RETURN_TYPE = YES_ERROR;
				GCC_WARN_UNDECLARED_SELECTOR = YES;
				GCC_WARN_UNINITIALIZED_AUTOS = YES_AGGRESSIVE;
				GCC_WARN_UNUSED_FUNCTION = YES;
				GCC_WARN_UNUSED_VARIABLE = YES;
				IPHONEOS_DEPLOYMENT_TARGET = 17.5;
				LOCALIZATION_PREFERS_STRING_CATALOGS = YES;
				MTL_ENABLE_DEBUG_INFO = NO;
				MTL_FAST_MATH = YES;
				SDKROOT = iphoneos;
				SWIFT_COMPILATION_MODE = wholemodule;
				VALIDATE_PRODUCT = YES;
			};
			name = Release;
		};
		BB3C40502C51E722006AF268 /* Debug */ = {
			isa = XCBuildConfiguration;
			buildSettings = {
				ASSETCATALOG_COMPILER_APPICON_NAME = AppIcon;
				ASSETCATALOG_COMPILER_GLOBAL_ACCENT_COLOR_NAME = AccentColor;
				CODE_SIGN_STYLE = Automatic;
				CURRENT_PROJECT_VERSION = 1;
				DEVELOPMENT_ASSET_PATHS = "\"eKoins/Preview Content\"";
				DEVELOPMENT_TEAM = PFSN649J32;
				ENABLE_PREVIEWS = YES;
				GENERATE_INFOPLIST_FILE = YES;
				INFOPLIST_KEY_CFBundleDisplayName = eKoins;
				INFOPLIST_KEY_UIApplicationSceneManifest_Generation = YES;
				INFOPLIST_KEY_UIApplicationSupportsIndirectInputEvents = YES;
				INFOPLIST_KEY_UILaunchScreen_Generation = YES;
				INFOPLIST_KEY_UIStatusBarStyle = "";
				INFOPLIST_KEY_UISupportedInterfaceOrientations = UIInterfaceOrientationPortrait;
				LD_RUNPATH_SEARCH_PATHS = (
					"$(inherited)",
					"@executable_path/Frameworks",
				);
				MARKETING_VERSION = 1.0;
				PRODUCT_BUNDLE_IDENTIFIER = com.elfaael.eKoins;
				PRODUCT_NAME = "$(TARGET_NAME)";
				SWIFT_EMIT_LOC_STRINGS = YES;
				SWIFT_VERSION = 5.0;
				TARGETED_DEVICE_FAMILY = "1,2";
			};
			name = Debug;
		};
		BB3C40512C51E722006AF268 /* Release */ = {
			isa = XCBuildConfiguration;
			buildSettings = {
				ASSETCATALOG_COMPILER_APPICON_NAME = AppIcon;
				ASSETCATALOG_COMPILER_GLOBAL_ACCENT_COLOR_NAME = AccentColor;
				CODE_SIGN_STYLE = Automatic;
				CURRENT_PROJECT_VERSION = 1;
				DEVELOPMENT_ASSET_PATHS = "\"eKoins/Preview Content\"";
				DEVELOPMENT_TEAM = PFSN649J32;
				ENABLE_PREVIEWS = YES;
				GENERATE_INFOPLIST_FILE = YES;
				INFOPLIST_KEY_CFBundleDisplayName = eKoins;
				INFOPLIST_KEY_UIApplicationSceneManifest_Generation = YES;
				INFOPLIST_KEY_UIApplicationSupportsIndirectInputEvents = YES;
				INFOPLIST_KEY_UILaunchScreen_Generation = YES;
				INFOPLIST_KEY_UIStatusBarStyle = "";
				INFOPLIST_KEY_UISupportedInterfaceOrientations = UIInterfaceOrientationPortrait;
				LD_RUNPATH_SEARCH_PATHS = (
					"$(inherited)",
					"@executable_path/Frameworks",
				);
				MARKETING_VERSION = 1.0;
				PRODUCT_BUNDLE_IDENTIFIER = com.elfaael.eKoins;
				PRODUCT_NAME = "$(TARGET_NAME)";
				SWIFT_EMIT_LOC_STRINGS = YES;
				SWIFT_VERSION = 5.0;
				TARGETED_DEVICE_FAMILY = "1,2";
			};
			name = Release;
		};
/* End XCBuildConfiguration section */

/* Begin XCConfigurationList section */
		BB3C403C2C51E721006AF268 /* Build configuration list for PBXProject "eKoins" */ = {
			isa = XCConfigurationList;
			buildConfigurations = (
				BB3C404D2C51E722006AF268 /* Debug */,
				BB3C404E2C51E722006AF268 /* Release */,
			);
			defaultConfigurationIsVisible = 0;
			defaultConfigurationName = Release;
		};
		BB3C404F2C51E722006AF268 /* Build configuration list for PBXNativeTarget "eKoins" */ = {
			isa = XCConfigurationList;
			buildConfigurations = (
				BB3C40502C51E722006AF268 /* Debug */,
				BB3C40512C51E722006AF268 /* Release */,
			);
			defaultConfigurationIsVisible = 0;
			defaultConfigurationName = Release;
		};
/* End XCConfigurationList section */
	};
	rootObject = BB3C40392C51E721006AF268 /* Project object */;
}
